
Microsoft Visual Studio Solution File, Format Version 12.00
# Visual Studio Version 16
VisualStudioVersion = 16.0.29728.190
MinimumVisualStudioVersion = 10.0.40219.1
Project("{FAE04EC0-301F-11D3-BF4B-00C04F79EFBC}") = "ScenarioScriptingTestApp", "ScenarioScriptingTestApp\ScenarioScriptingTestApp.csproj", "{43321561-FA09-4E6D-84A5-5E831222B658}"
EndProject
Project("{FAE04EC0-301F-11D3-BF4B-00C04F79EFBC}") = "ScenarioScripting", "ScenarioScripting\ScenarioScripting.csproj", "{9B226D9E-1D49-4CE7-BCAC-8641E1A2433B}"
EndProject
Project("{FAE04EC0-301F-11D3-BF4B-00C04F79EFBC}") = "ScenarioScripting.Parser", "ScenarioScripting.Parser\ScenarioScripting.Parser.csproj", "{B72D4A7E-8798-4FA7-B2B4-B66AC3AF9FFB}"
EndProject
Global
	GlobalSection(SolutionConfigurationPlatforms) = preSolution
		Debug|Any CPU = Debug|Any CPU
		Debug|ARM = Debug|ARM
		Debug|ARM64 = Debug|ARM64
		Debug|x64 = Debug|x64
		Debug|x86 = Debug|x86
		Release|Any CPU = Release|Any CPU
		Release|ARM = Release|ARM
		Release|ARM64 = Release|ARM64
		Release|x64 = Release|x64
		Release|x86 = Release|x86
	EndGlobalSection
	GlobalSection(ProjectConfigurationPlatforms) = postSolution
		{43321561-FA09-4E6D-84A5-5E831222B658}.Debug|Any CPU.ActiveCfg = Debug|Any CPU
		{43321561-FA09-4E6D-84A5-5E831222B658}.Debug|Any CPU.Build.0 = Debug|Any CPU
		{43321561-FA09-4E6D-84A5-5E831222B658}.Debug|ARM.ActiveCfg = Debug|Any CPU
		{43321561-FA09-4E6D-84A5-5E831222B658}.Debug|ARM.Build.0 = Debug|Any CPU
		{43321561-FA09-4E6D-84A5-5E831222B658}.Debug|ARM64.ActiveCfg = Debug|Any CPU
		{43321561-FA09-4E6D-84A5-5E831222B658}.Debug|ARM64.Build.0 = Debug|Any CPU
		{43321561-FA09-4E6D-84A5-5E831222B658}.Debug|x64.ActiveCfg = Debug|Any CPU
		{43321561-FA09-4E6D-84A5-5E831222B658}.Debug|x64.Build.0 = Debug|Any CPU
		{43321561-FA09-4E6D-84A5-5E831222B658}.Debug|x86.ActiveCfg = Debug|Any CPU
		{43321561-FA09-4E6D-84A5-5E831222B658}.Debug|x86.Build.0 = Debug|Any CPU
		{43321561-FA09-4E6D-84A5-5E831222B658}.Release|Any CPU.ActiveCfg = Release|Any CPU
		{43321561-FA09-4E6D-84A5-5E831222B658}.Release|Any CPU.Build.0 = Release|Any CPU
		{43321561-FA09-4E6D-84A5-5E831222B658}.Release|ARM.ActiveCfg = Release|Any CPU
		{43321561-FA09-4E6D-84A5-5E831222B658}.Release|ARM.Build.0 = Release|Any CPU
		{43321561-FA09-4E6D-84A5-5E831222B658}.Release|ARM64.ActiveCfg = Release|Any CPU
		{43321561-FA09-4E6D-84A5-5E831222B658}.Release|ARM64.Build.0 = Release|Any CPU
		{43321561-FA09-4E6D-84A5-5E831222B658}.Release|x64.ActiveCfg = Release|Any CPU
		{43321561-FA09-4E6D-84A5-5E831222B658}.Release|x64.Build.0 = Release|Any CPU
		{43321561-FA09-4E6D-84A5-5E831222B658}.Release|x86.ActiveCfg = Release|Any CPU
		{43321561-FA09-4E6D-84A5-5E831222B658}.Release|x86.Build.0 = Release|Any CPU
		{9B226D9E-1D49-4CE7-BCAC-8641E1A2433B}.Debug|Any CPU.ActiveCfg = Debug|Any CPU
		{9B226D9E-1D49-4CE7-BCAC-8641E1A2433B}.Debug|Any CPU.Build.0 = Debug|Any CPU
		{9B226D9E-1D49-4CE7-BCAC-8641E1A2433B}.Debug|ARM.ActiveCfg = Debug|Any CPU
		{9B226D9E-1D49-4CE7-BCAC-8641E1A2433B}.Debug|ARM.Build.0 = Debug|Any CPU
		{9B226D9E-1D49-4CE7-BCAC-8641E1A2433B}.Debug|ARM64.ActiveCfg = Debug|Any CPU
		{9B226D9E-1D49-4CE7-BCAC-8641E1A2433B}.Debug|ARM64.Build.0 = Debug|Any CPU
		{9B226D9E-1D49-4CE7-BCAC-8641E1A2433B}.Debug|x64.ActiveCfg = Debug|Any CPU
		{9B226D9E-1D49-4CE7-BCAC-8641E1A2433B}.Debug|x64.Build.0 = Debug|Any CPU
		{9B226D9E-1D49-4CE7-BCAC-8641E1A2433B}.Debug|x86.ActiveCfg = Debug|Any CPU
		{9B226D9E-1D49-4CE7-BCAC-8641E1A2433B}.Debug|x86.Build.0 = Debug|Any CPU
		{9B226D9E-1D49-4CE7-BCAC-8641E1A2433B}.Release|Any CPU.ActiveCfg = Release|Any CPU
		{9B226D9E-1D49-4CE7-BCAC-8641E1A2433B}.Release|Any CPU.Build.0 = Release|Any CPU
		{9B226D9E-1D49-4CE7-BCAC-8641E1A2433B}.Release|ARM.ActiveCfg = Release|Any CPU
		{9B226D9E-1D49-4CE7-BCAC-8641E1A2433B}.Release|ARM.Build.0 = Release|Any CPU
		{9B226D9E-1D49-4CE7-BCAC-8641E1A2433B}.Release|ARM64.ActiveCfg = Release|Any CPU
		{9B226D9E-1D49-4CE7-BCAC-8641E1A2433B}.Release|ARM64.Build.0 = Release|Any CPU
		{9B226D9E-1D49-4CE7-BCAC-8641E1A2433B}.Release|x64.ActiveCfg = Release|Any CPU
		{9B226D9E-1D49-4CE7-BCAC-8641E1A2433B}.Release|x64.Build.0 = Release|Any CPU
		{9B226D9E-1D49-4CE7-BCAC-8641E1A2433B}.Release|x86.ActiveCfg = Release|Any CPU
		{9B226D9E-1D49-4CE7-BCAC-8641E1A2433B}.Release|x86.Build.0 = Release|Any CPU
		{B72D4A7E-8798-4FA7-B2B4-B66AC3AF9FFB}.Debug|Any CPU.ActiveCfg = Debug|Any CPU
		{B72D4A7E-8798-4FA7-B2B4-B66AC3AF9FFB}.Debug|Any CPU.Build.0 = Debug|Any CPU
		{B72D4A7E-8798-4FA7-B2B4-B66AC3AF9FFB}.Debug|ARM.ActiveCfg = Debug|Any CPU
		{B72D4A7E-8798-4FA7-B2B4-B66AC3AF9FFB}.Debug|ARM.Build.0 = Debug|Any CPU
		{B72D4A7E-8798-4FA7-B2B4-B66AC3AF9FFB}.Debug|ARM64.ActiveCfg = Debug|Any CPU
		{B72D4A7E-8798-4FA7-B2B4-B66AC3AF9FFB}.Debug|ARM64.Build.0 = Debug|Any CPU
		{B72D4A7E-8798-4FA7-B2B4-B66AC3AF9FFB}.Debug|x64.ActiveCfg = Debug|Any CPU
		{B72D4A7E-8798-4FA7-B2B4-B66AC3AF9FFB}.Debug|x64.Build.0 = Debug|Any CPU
		{B72D4A7E-8798-4FA7-B2B4-B66AC3AF9FFB}.Debug|x86.ActiveCfg = Debug|Any CPU
		{B72D4A7E-8798-4FA7-B2B4-B66AC3AF9FFB}.Debug|x86.Build.0 = Debug|Any CPU
		{B72D4A7E-8798-4FA7-B2B4-B66AC3AF9FFB}.Release|Any CPU.ActiveCfg = Release|Any CPU
		{B72D4A7E-8798-4FA7-B2B4-B66AC3AF9FFB}.Release|Any CPU.Build.0 = Release|Any CPU
		{B72D4A7E-8798-4FA7-B2B4-B66AC3AF9FFB}.Release|ARM.ActiveCfg = Release|Any CPU
		{B72D4A7E-8798-4FA7-B2B4-B66AC3AF9FFB}.Release|ARM.Build.0 = Release|Any CPU
		{B72D4A7E-8798-4FA7-B2B4-B66AC3AF9FFB}.Release|ARM64.ActiveCfg = Release|Any CPU
		{B72D4A7E-8798-4FA7-B2B4-B66AC3AF9FFB}.Release|ARM64.Build.0 = Release|Any CPU
		{B72D4A7E-8798-4FA7-B2B4-B66AC3AF9FFB}.Release|x64.ActiveCfg = Release|Any CPU
		{B72D4A7E-8798-4FA7-B2B4-B66AC3AF9FFB}.Release|x64.Build.0 = Release|Any CPU
		{B72D4A7E-8798-4FA7-B2B4-B66AC3AF9FFB}.Release|x86.ActiveCfg = Release|Any CPU
		{B72D4A7E-8798-4FA7-B2B4-B66AC3AF9FFB}.Release|x86.Build.0 = Release|Any CPU
	EndGlobalSection
	GlobalSection(SolutionProperties) = preSolution
		HideSolutionNode = FALSE
	EndGlobalSection
	GlobalSection(ExtensibilityGlobals) = postSolution
		SolutionGuid = {7E5422AD-62EE-48CC-9D64-175F53C5DB65}
	EndGlobalSection
EndGlobal
